// !$*UTF8*$!
{
	archiveVersion = 1;
	classes = {
	};
	objectVersion = 51;
	objects = {

/* Begin PBXBuildFile section */
		8338C5FB1417D856AA6257A4 /* Pods_Marvel_NavigatorTests.framework in Frameworks */ = {isa = PBXBuildFile; fileRef = 77CE163CC40DD82B2B87012D /* Pods_Marvel_NavigatorTests.framework */; };
		B22696FA24C2D4ED009402F9 /* MarvelListViewModel.swift in Sources */ = {isa = PBXBuildFile; fileRef = B22696F924C2D4ED009402F9 /* MarvelListViewModel.swift */; };
		B22696FD24C2D57E009402F9 /* MarvelDatasource.swift in Sources */ = {isa = PBXBuildFile; fileRef = B22696FC24C2D57E009402F9 /* MarvelDatasource.swift */; };
		B226970624C2D773009402F9 /* ViewModelMapper.swift in Sources */ = {isa = PBXBuildFile; fileRef = B226970424C2D773009402F9 /* ViewModelMapper.swift */; };
		B226970824C2D904009402F9 /* CharactersViewModelMapper.swift in Sources */ = {isa = PBXBuildFile; fileRef = B226970724C2D904009402F9 /* CharactersViewModelMapper.swift */; };
		B226970A24C2D923009402F9 /* MarvelDataResponse.swift in Sources */ = {isa = PBXBuildFile; fileRef = B226970924C2D923009402F9 /* MarvelDataResponse.swift */; };
		B226970C24C2DA8C009402F9 /* MarvelError.swift in Sources */ = {isa = PBXBuildFile; fileRef = B226970B24C2DA8C009402F9 /* MarvelError.swift */; };
		B245FEF424C1F9AD0059E7D2 /* MarvelListViewController.swift in Sources */ = {isa = PBXBuildFile; fileRef = B245FEEF24C1F9AD0059E7D2 /* MarvelListViewController.swift */; };
		B245FEF524C1F9AD0059E7D2 /* AppDelegate.swift in Sources */ = {isa = PBXBuildFile; fileRef = B245FEF124C1F9AD0059E7D2 /* AppDelegate.swift */; };
		B245FEF624C1F9AD0059E7D2 /* SceneDelegate.swift in Sources */ = {isa = PBXBuildFile; fileRef = B245FEF224C1F9AD0059E7D2 /* SceneDelegate.swift */; };
		B245FEFF24C1F9DF0059E7D2 /* Assets.xcassets in Resources */ = {isa = PBXBuildFile; fileRef = B245FEFA24C1F9DF0059E7D2 /* Assets.xcassets */; };
		B245FF0024C1F9DF0059E7D2 /* LaunchScreen.storyboard in Resources */ = {isa = PBXBuildFile; fileRef = B245FEFB24C1F9DF0059E7D2 /* LaunchScreen.storyboard */; };
		B245FF0124C1F9DF0059E7D2 /* Main.storyboard in Resources */ = {isa = PBXBuildFile; fileRef = B245FEFD24C1F9DF0059E7D2 /* Main.storyboard */; };
		B245FF0624C1FA510059E7D2 /* Marvel_NavigatorUITests.swift in Sources */ = {isa = PBXBuildFile; fileRef = B245FF0524C1FA510059E7D2 /* Marvel_NavigatorUITests.swift */; };
		B245FF0924C21C760059E7D2 /* MarvelConfig.swift in Sources */ = {isa = PBXBuildFile; fileRef = B245FF0824C21C760059E7D2 /* MarvelConfig.swift */; };
		B2DCB34124C2EE8800670944 /* CharacterListTableViewCell.swift in Sources */ = {isa = PBXBuildFile; fileRef = B2DCB34024C2EE8800670944 /* CharacterListTableViewCell.swift */; };
		B2DCB34424C2F3A500670944 /* UIImage+AverageColor.swift in Sources */ = {isa = PBXBuildFile; fileRef = B2DCB34324C2F3A500670944 /* UIImage+AverageColor.swift */; };
		B2DCB34624C2F4A800670944 /* UIImage+Gradient.swift in Sources */ = {isa = PBXBuildFile; fileRef = B2DCB34524C2F4A800670944 /* UIImage+Gradient.swift */; };
		B2DCB34824C340D500670944 /* ComicsViewModelMapper.swift in Sources */ = {isa = PBXBuildFile; fileRef = B2DCB34724C340D500670944 /* ComicsViewModelMapper.swift */; };
		B2DCB34A24C341D700670944 /* MarvelListTableViewCell.swift in Sources */ = {isa = PBXBuildFile; fileRef = B2DCB34924C341D700670944 /* MarvelListTableViewCell.swift */; };
		B2DCB35024C343DE00670944 /* ComicListTableViewCell.swift in Sources */ = {isa = PBXBuildFile; fileRef = B2DCB34F24C343DE00670944 /* ComicListTableViewCell.swift */; };
		B2DCB35424C358A200670944 /* CustomSearchBarView.swift in Sources */ = {isa = PBXBuildFile; fileRef = B2DCB35324C358A200670944 /* CustomSearchBarView.swift */; };
		B2DCB35824C3B7A600670944 /* UIColor+Inverse.swift in Sources */ = {isa = PBXBuildFile; fileRef = B2DCB35724C3B7A600670944 /* UIColor+Inverse.swift */; };
		B2DCB35F24C3B85300670944 /* CustomSearchBarView.xib in Resources */ = {isa = PBXBuildFile; fileRef = B2DCB35A24C3B85300670944 /* CustomSearchBarView.xib */; };
		B2DCB36024C3B85300670944 /* CharacterListTableViewCell.xib in Resources */ = {isa = PBXBuildFile; fileRef = B2DCB35B24C3B85300670944 /* CharacterListTableViewCell.xib */; };
		B2DCB36124C3B85300670944 /* ComicListTableViewCell.xib in Resources */ = {isa = PBXBuildFile; fileRef = B2DCB35C24C3B85300670944 /* ComicListTableViewCell.xib */; };
		B2DCB36224C3B85300670944 /* SeriesListTableViewCell.xib in Resources */ = {isa = PBXBuildFile; fileRef = B2DCB35D24C3B85300670944 /* SeriesListTableViewCell.xib */; };
		B2DCB36524C424BB00670944 /* MarvelDetailsViewController.swift in Sources */ = {isa = PBXBuildFile; fileRef = B2DCB36424C424BB00670944 /* MarvelDetailsViewController.swift */; };
		D649702E2646E68838D2EBDF /* Pods_Marvel_Navigator.framework in Frameworks */ = {isa = PBXBuildFile; fileRef = 6C92119E0C16A294B0E93C93 /* Pods_Marvel_Navigator.framework */; };
		D88C21786ED7F8D048CEE0B2 /* Pods_Marvel_Navigator_Marvel_NavigatorUITests.framework in Frameworks */ = {isa = PBXBuildFile; fileRef = 1FC39A1E19DD8B439899DD07 /* Pods_Marvel_Navigator_Marvel_NavigatorUITests.framework */; };
/* End PBXBuildFile section */

/* Begin PBXContainerItemProxy section */
		B245FED124C1F9270059E7D2 /* PBXContainerItemProxy */ = {
			isa = PBXContainerItemProxy;
			containerPortal = B245FEB024C1F9250059E7D2 /* Project object */;
			proxyType = 1;
			remoteGlobalIDString = B245FEB724C1F9250059E7D2;
			remoteInfo = "Marvel-Navigator";
		};
		B245FEDC24C1F9270059E7D2 /* PBXContainerItemProxy */ = {
			isa = PBXContainerItemProxy;
			containerPortal = B245FEB024C1F9250059E7D2 /* Project object */;
			proxyType = 1;
			remoteGlobalIDString = B245FEB724C1F9250059E7D2;
			remoteInfo = "Marvel-Navigator";
		};
/* End PBXContainerItemProxy section */

/* Begin PBXFileReference section */
		1F7212BF4E21F2C9D2D5B85A /* Pods-Marvel-NavigatorTests.debug.xcconfig */ = {isa = PBXFileReference; includeInIndex = 1; lastKnownFileType = text.xcconfig; name = "Pods-Marvel-NavigatorTests.debug.xcconfig"; path = "Target Support Files/Pods-Marvel-NavigatorTests/Pods-Marvel-NavigatorTests.debug.xcconfig"; sourceTree = "<group>"; };
		1FC39A1E19DD8B439899DD07 /* Pods_Marvel_Navigator_Marvel_NavigatorUITests.framework */ = {isa = PBXFileReference; explicitFileType = wrapper.framework; includeInIndex = 0; path = Pods_Marvel_Navigator_Marvel_NavigatorUITests.framework; sourceTree = BUILT_PRODUCTS_DIR; };
		32C8FD0ED6D7F17DB8140ABF /* Pods-Marvel-Navigator.release.xcconfig */ = {isa = PBXFileReference; includeInIndex = 1; lastKnownFileType = text.xcconfig; name = "Pods-Marvel-Navigator.release.xcconfig"; path = "Target Support Files/Pods-Marvel-Navigator/Pods-Marvel-Navigator.release.xcconfig"; sourceTree = "<group>"; };
		65AC69AF6B7C3496572FFCAF /* Pods-Marvel-Navigator.debug.xcconfig */ = {isa = PBXFileReference; includeInIndex = 1; lastKnownFileType = text.xcconfig; name = "Pods-Marvel-Navigator.debug.xcconfig"; path = "Target Support Files/Pods-Marvel-Navigator/Pods-Marvel-Navigator.debug.xcconfig"; sourceTree = "<group>"; };
		6C92119E0C16A294B0E93C93 /* Pods_Marvel_Navigator.framework */ = {isa = PBXFileReference; explicitFileType = wrapper.framework; includeInIndex = 0; path = Pods_Marvel_Navigator.framework; sourceTree = BUILT_PRODUCTS_DIR; };
		6CCD1DA6E96B336B02A4D538 /* Pods-Marvel-NavigatorTests.release.xcconfig */ = {isa = PBXFileReference; includeInIndex = 1; lastKnownFileType = text.xcconfig; name = "Pods-Marvel-NavigatorTests.release.xcconfig"; path = "Target Support Files/Pods-Marvel-NavigatorTests/Pods-Marvel-NavigatorTests.release.xcconfig"; sourceTree = "<group>"; };
		77CE163CC40DD82B2B87012D /* Pods_Marvel_NavigatorTests.framework */ = {isa = PBXFileReference; explicitFileType = wrapper.framework; includeInIndex = 0; path = Pods_Marvel_NavigatorTests.framework; sourceTree = BUILT_PRODUCTS_DIR; };
		B22696F924C2D4ED009402F9 /* MarvelListViewModel.swift */ = {isa = PBXFileReference; lastKnownFileType = sourcecode.swift; path = MarvelListViewModel.swift; sourceTree = "<group>"; };
		B22696FC24C2D57E009402F9 /* MarvelDatasource.swift */ = {isa = PBXFileReference; fileEncoding = 4; lastKnownFileType = sourcecode.swift; path = MarvelDatasource.swift; sourceTree = "<group>"; };
		B226970424C2D773009402F9 /* ViewModelMapper.swift */ = {isa = PBXFileReference; fileEncoding = 4; lastKnownFileType = sourcecode.swift; path = ViewModelMapper.swift; sourceTree = "<group>"; };
		B226970724C2D904009402F9 /* CharactersViewModelMapper.swift */ = {isa = PBXFileReference; fileEncoding = 4; lastKnownFileType = sourcecode.swift; path = CharactersViewModelMapper.swift; sourceTree = "<group>"; };
		B226970924C2D923009402F9 /* MarvelDataResponse.swift */ = {isa = PBXFileReference; lastKnownFileType = sourcecode.swift; path = MarvelDataResponse.swift; sourceTree = "<group>"; };
		B226970B24C2DA8C009402F9 /* MarvelError.swift */ = {isa = PBXFileReference; lastKnownFileType = sourcecode.swift; path = MarvelError.swift; sourceTree = "<group>"; };
		B245FEB824C1F9250059E7D2 /* Marvel-Navigator.app */ = {isa = PBXFileReference; explicitFileType = wrapper.application; includeInIndex = 0; path = "Marvel-Navigator.app"; sourceTree = BUILT_PRODUCTS_DIR; };
		B245FED024C1F9270059E7D2 /* Marvel-NavigatorTests.xctest */ = {isa = PBXFileReference; explicitFileType = wrapper.cfbundle; includeInIndex = 0; path = "Marvel-NavigatorTests.xctest"; sourceTree = BUILT_PRODUCTS_DIR; };
		B245FEDB24C1F9270059E7D2 /* Marvel-NavigatorUITests.xctest */ = {isa = PBXFileReference; explicitFileType = wrapper.cfbundle; includeInIndex = 0; path = "Marvel-NavigatorUITests.xctest"; sourceTree = BUILT_PRODUCTS_DIR; };
		B245FEEF24C1F9AD0059E7D2 /* MarvelListViewController.swift */ = {isa = PBXFileReference; fileEncoding = 4; lastKnownFileType = sourcecode.swift; path = MarvelListViewController.swift; sourceTree = "<group>"; };
		B245FEF124C1F9AD0059E7D2 /* AppDelegate.swift */ = {isa = PBXFileReference; fileEncoding = 4; lastKnownFileType = sourcecode.swift; path = AppDelegate.swift; sourceTree = "<group>"; };
		B245FEF224C1F9AD0059E7D2 /* SceneDelegate.swift */ = {isa = PBXFileReference; fileEncoding = 4; lastKnownFileType = sourcecode.swift; path = SceneDelegate.swift; sourceTree = "<group>"; };
		B245FEF824C1F9B70059E7D2 /* Info.plist */ = {isa = PBXFileReference; lastKnownFileType = text.plist.xml; path = Info.plist; sourceTree = "<group>"; };
		B245FEFA24C1F9DF0059E7D2 /* Assets.xcassets */ = {isa = PBXFileReference; lastKnownFileType = folder.assetcatalog; path = Assets.xcassets; sourceTree = "<group>"; };
		B245FEFC24C1F9DF0059E7D2 /* Base */ = {isa = PBXFileReference; lastKnownFileType = file.storyboard; name = Base; path = Base.lproj/LaunchScreen.storyboard; sourceTree = "<group>"; };
		B245FEFE24C1F9DF0059E7D2 /* Base */ = {isa = PBXFileReference; lastKnownFileType = file.storyboard; name = Base; path = Base.lproj/Main.storyboard; sourceTree = "<group>"; };
		B245FF0224C1FA3E0059E7D2 /* Test-Info.plist */ = {isa = PBXFileReference; lastKnownFileType = text.plist.xml; path = "Test-Info.plist"; sourceTree = "<group>"; };
		B245FF0324C1FA3E0059E7D2 /* UITest-Info.plist */ = {isa = PBXFileReference; lastKnownFileType = text.plist.xml; path = "UITest-Info.plist"; sourceTree = "<group>"; };
		B245FF0524C1FA510059E7D2 /* Marvel_NavigatorUITests.swift */ = {isa = PBXFileReference; fileEncoding = 4; lastKnownFileType = sourcecode.swift; path = Marvel_NavigatorUITests.swift; sourceTree = "<group>"; };
		B245FF0824C21C760059E7D2 /* MarvelConfig.swift */ = {isa = PBXFileReference; lastKnownFileType = sourcecode.swift; path = MarvelConfig.swift; sourceTree = "<group>"; };
		B2DCB34024C2EE8800670944 /* CharacterListTableViewCell.swift */ = {isa = PBXFileReference; lastKnownFileType = sourcecode.swift; path = CharacterListTableViewCell.swift; sourceTree = "<group>"; };
		B2DCB34324C2F3A500670944 /* UIImage+AverageColor.swift */ = {isa = PBXFileReference; lastKnownFileType = sourcecode.swift; path = "UIImage+AverageColor.swift"; sourceTree = "<group>"; };
		B2DCB34524C2F4A800670944 /* UIImage+Gradient.swift */ = {isa = PBXFileReference; lastKnownFileType = sourcecode.swift; path = "UIImage+Gradient.swift"; sourceTree = "<group>"; };
		B2DCB34724C340D500670944 /* ComicsViewModelMapper.swift */ = {isa = PBXFileReference; fileEncoding = 4; lastKnownFileType = sourcecode.swift; path = ComicsViewModelMapper.swift; sourceTree = "<group>"; };
		B2DCB34924C341D700670944 /* MarvelListTableViewCell.swift */ = {isa = PBXFileReference; lastKnownFileType = sourcecode.swift; path = MarvelListTableViewCell.swift; sourceTree = "<group>"; };
		B2DCB34F24C343DE00670944 /* ComicListTableViewCell.swift */ = {isa = PBXFileReference; lastKnownFileType = sourcecode.swift; path = ComicListTableViewCell.swift; sourceTree = "<group>"; };
		B2DCB35324C358A200670944 /* CustomSearchBarView.swift */ = {isa = PBXFileReference; lastKnownFileType = sourcecode.swift; path = CustomSearchBarView.swift; sourceTree = "<group>"; };
		B2DCB35724C3B7A600670944 /* UIColor+Inverse.swift */ = {isa = PBXFileReference; lastKnownFileType = sourcecode.swift; path = "UIColor+Inverse.swift"; sourceTree = "<group>"; };
		B2DCB35A24C3B85300670944 /* CustomSearchBarView.xib */ = {isa = PBXFileReference; fileEncoding = 4; lastKnownFileType = file.xib; path = CustomSearchBarView.xib; sourceTree = "<group>"; };
		B2DCB35B24C3B85300670944 /* CharacterListTableViewCell.xib */ = {isa = PBXFileReference; fileEncoding = 4; lastKnownFileType = file.xib; path = CharacterListTableViewCell.xib; sourceTree = "<group>"; };
		B2DCB35C24C3B85300670944 /* ComicListTableViewCell.xib */ = {isa = PBXFileReference; fileEncoding = 4; lastKnownFileType = file.xib; path = ComicListTableViewCell.xib; sourceTree = "<group>"; };
		B2DCB35D24C3B85300670944 /* SeriesListTableViewCell.xib */ = {isa = PBXFileReference; fileEncoding = 4; lastKnownFileType = file.xib; path = SeriesListTableViewCell.xib; sourceTree = "<group>"; };
		B2DCB36424C424BB00670944 /* MarvelDetailsViewController.swift */ = {isa = PBXFileReference; lastKnownFileType = sourcecode.swift; path = MarvelDetailsViewController.swift; sourceTree = "<group>"; };
		BE884B05FD464359052F78BD /* Pods-Marvel-Navigator-Marvel-NavigatorUITests.debug.xcconfig */ = {isa = PBXFileReference; includeInIndex = 1; lastKnownFileType = text.xcconfig; name = "Pods-Marvel-Navigator-Marvel-NavigatorUITests.debug.xcconfig"; path = "Target Support Files/Pods-Marvel-Navigator-Marvel-NavigatorUITests/Pods-Marvel-Navigator-Marvel-NavigatorUITests.debug.xcconfig"; sourceTree = "<group>"; };
		F0778EF2700D23F61BA3C411 /* Pods-Marvel-Navigator-Marvel-NavigatorUITests.release.xcconfig */ = {isa = PBXFileReference; includeInIndex = 1; lastKnownFileType = text.xcconfig; name = "Pods-Marvel-Navigator-Marvel-NavigatorUITests.release.xcconfig"; path = "Target Support Files/Pods-Marvel-Navigator-Marvel-NavigatorUITests/Pods-Marvel-Navigator-Marvel-NavigatorUITests.release.xcconfig"; sourceTree = "<group>"; };
/* End PBXFileReference section */

/* Begin PBXFrameworksBuildPhase section */
		B245FEB524C1F9250059E7D2 /* Frameworks */ = {
			isa = PBXFrameworksBuildPhase;
			buildActionMask = 2147483647;
			files = (
				D649702E2646E68838D2EBDF /* Pods_Marvel_Navigator.framework in Frameworks */,
			);
			runOnlyForDeploymentPostprocessing = 0;
		};
		B245FECD24C1F9270059E7D2 /* Frameworks */ = {
			isa = PBXFrameworksBuildPhase;
			buildActionMask = 2147483647;
			files = (
				8338C5FB1417D856AA6257A4 /* Pods_Marvel_NavigatorTests.framework in Frameworks */,
			);
			runOnlyForDeploymentPostprocessing = 0;
		};
		B245FED824C1F9270059E7D2 /* Frameworks */ = {
			isa = PBXFrameworksBuildPhase;
			buildActionMask = 2147483647;
			files = (
				D88C21786ED7F8D048CEE0B2 /* Pods_Marvel_Navigator_Marvel_NavigatorUITests.framework in Frameworks */,
			);
			runOnlyForDeploymentPostprocessing = 0;
		};
/* End PBXFrameworksBuildPhase section */

/* Begin PBXGroup section */
		75BA35CFEF59AAD336A897B8 /* Pods */ = {
			isa = PBXGroup;
			children = (
				65AC69AF6B7C3496572FFCAF /* Pods-Marvel-Navigator.debug.xcconfig */,
				32C8FD0ED6D7F17DB8140ABF /* Pods-Marvel-Navigator.release.xcconfig */,
				BE884B05FD464359052F78BD /* Pods-Marvel-Navigator-Marvel-NavigatorUITests.debug.xcconfig */,
				F0778EF2700D23F61BA3C411 /* Pods-Marvel-Navigator-Marvel-NavigatorUITests.release.xcconfig */,
				1F7212BF4E21F2C9D2D5B85A /* Pods-Marvel-NavigatorTests.debug.xcconfig */,
				6CCD1DA6E96B336B02A4D538 /* Pods-Marvel-NavigatorTests.release.xcconfig */,
			);
			path = Pods;
			sourceTree = "<group>";
		};
		B22696FB24C2D57E009402F9 /* API */ = {
			isa = PBXGroup;
			children = (
				B22696FC24C2D57E009402F9 /* MarvelDatasource.swift */,
				B226970924C2D923009402F9 /* MarvelDataResponse.swift */,
				B226970B24C2DA8C009402F9 /* MarvelError.swift */,
			);
			path = API;
			sourceTree = "<group>";
		};
		B226970224C2D773009402F9 /* viewModel */ = {
			isa = PBXGroup;
			children = (
				B2DCB34724C340D500670944 /* ComicsViewModelMapper.swift */,
				B226970724C2D904009402F9 /* CharactersViewModelMapper.swift */,
				B226970424C2D773009402F9 /* ViewModelMapper.swift */,
			);
			path = viewModel;
			sourceTree = "<group>";
		};
		B245FEAF24C1F9250059E7D2 = {
			isa = PBXGroup;
			children = (
				B245FEED24C1F9AD0059E7D2 /* src */,
				B245FEF924C1F9DF0059E7D2 /* resources */,
				B245FEF724C1F9B70059E7D2 /* support_Files */,
				B245FEB924C1F9250059E7D2 /* Products */,
				75BA35CFEF59AAD336A897B8 /* Pods */,
				D8BC46DE3396A36C6C60D766 /* Frameworks */,
			);
			sourceTree = "<group>";
		};
		B245FEB924C1F9250059E7D2 /* Products */ = {
			isa = PBXGroup;
			children = (
				B245FEB824C1F9250059E7D2 /* Marvel-Navigator.app */,
				B245FED024C1F9270059E7D2 /* Marvel-NavigatorTests.xctest */,
				B245FEDB24C1F9270059E7D2 /* Marvel-NavigatorUITests.xctest */,
			);
			name = Products;
			sourceTree = "<group>";
		};
		B245FEED24C1F9AD0059E7D2 /* src */ = {
			isa = PBXGroup;
			children = (
				B2DCB34224C2F39600670944 /* utils */,
				B2DCB33D24C2ED7100670944 /* UI */,
				B245FEF024C1F9AD0059E7D2 /* base */,
				B226970224C2D773009402F9 /* viewModel */,
				B22696FB24C2D57E009402F9 /* API */,
				B245FF0724C21C6D0059E7D2 /* model */,
				B245FF0424C1FA510059E7D2 /* uiTests */,
				B245FEEF24C1F9AD0059E7D2 /* MarvelListViewController.swift */,
				B2DCB36424C424BB00670944 /* MarvelDetailsViewController.swift */,
			);
			path = src;
			sourceTree = "<group>";
		};
		B245FEF024C1F9AD0059E7D2 /* base */ = {
			isa = PBXGroup;
			children = (
				B245FEF124C1F9AD0059E7D2 /* AppDelegate.swift */,
				B245FEF224C1F9AD0059E7D2 /* SceneDelegate.swift */,
			);
			path = base;
			sourceTree = "<group>";
		};
		B245FEF724C1F9B70059E7D2 /* support_Files */ = {
			isa = PBXGroup;
			children = (
				B245FF0224C1FA3E0059E7D2 /* Test-Info.plist */,
				B245FF0324C1FA3E0059E7D2 /* UITest-Info.plist */,
				B245FEF824C1F9B70059E7D2 /* Info.plist */,
			);
			path = support_Files;
			sourceTree = "<group>";
		};
		B245FEF924C1F9DF0059E7D2 /* resources */ = {
			isa = PBXGroup;
			children = (
				B245FEFA24C1F9DF0059E7D2 /* Assets.xcassets */,
				B245FEFB24C1F9DF0059E7D2 /* LaunchScreen.storyboard */,
				B245FEFD24C1F9DF0059E7D2 /* Main.storyboard */,
			);
			path = resources;
			sourceTree = "<group>";
		};
		B245FF0424C1FA510059E7D2 /* uiTests */ = {
			isa = PBXGroup;
			children = (
				B245FF0524C1FA510059E7D2 /* Marvel_NavigatorUITests.swift */,
			);
			path = uiTests;
			sourceTree = "<group>";
		};
		B245FF0724C21C6D0059E7D2 /* model */ = {
			isa = PBXGroup;
			children = (
				B245FF0824C21C760059E7D2 /* MarvelConfig.swift */,
				B22696F924C2D4ED009402F9 /* MarvelListViewModel.swift */,
			);
			path = model;
			sourceTree = "<group>";
		};
		B2DCB33D24C2ED7100670944 /* UI */ = {
			isa = PBXGroup;
			children = (
				B2DCB35924C3B85300670944 /* NIBs */,
				B2DCB34024C2EE8800670944 /* CharacterListTableViewCell.swift */,
				B2DCB34924C341D700670944 /* MarvelListTableViewCell.swift */,
				B2DCB34F24C343DE00670944 /* ComicListTableViewCell.swift */,
				B2DCB35324C358A200670944 /* CustomSearchBarView.swift */,
			);
			path = UI;
			sourceTree = "<group>";
		};
		B2DCB34224C2F39600670944 /* utils */ = {
			isa = PBXGroup;
			children = (
				B2DCB34324C2F3A500670944 /* UIImage+AverageColor.swift */,
				B2DCB34524C2F4A800670944 /* UIImage+Gradient.swift */,
				B2DCB35724C3B7A600670944 /* UIColor+Inverse.swift */,
			);
			path = utils;
			sourceTree = "<group>";
		};
		B2DCB35924C3B85300670944 /* NIBs */ = {
			isa = PBXGroup;
			children = (
				B2DCB35A24C3B85300670944 /* CustomSearchBarView.xib */,
				B2DCB35B24C3B85300670944 /* CharacterListTableViewCell.xib */,
				B2DCB35C24C3B85300670944 /* ComicListTableViewCell.xib */,
				B2DCB35D24C3B85300670944 /* SeriesListTableViewCell.xib */,
			);
			path = NIBs;
			sourceTree = "<group>";
		};
		D8BC46DE3396A36C6C60D766 /* Frameworks */ = {
			isa = PBXGroup;
			children = (
				6C92119E0C16A294B0E93C93 /* Pods_Marvel_Navigator.framework */,
				1FC39A1E19DD8B439899DD07 /* Pods_Marvel_Navigator_Marvel_NavigatorUITests.framework */,
				77CE163CC40DD82B2B87012D /* Pods_Marvel_NavigatorTests.framework */,
			);
			name = Frameworks;
			sourceTree = "<group>";
		};
/* End PBXGroup section */

/* Begin PBXNativeTarget section */
		B245FEB724C1F9250059E7D2 /* Marvel-Navigator */ = {
			isa = PBXNativeTarget;
			buildConfigurationList = B245FEE424C1F9270059E7D2 /* Build configuration list for PBXNativeTarget "Marvel-Navigator" */;
			buildPhases = (
				E0984F03764265F0C2643CA2 /* [CP] Check Pods Manifest.lock */,
				B245FEB424C1F9250059E7D2 /* Sources */,
				B245FEB524C1F9250059E7D2 /* Frameworks */,
				B245FEB624C1F9250059E7D2 /* Resources */,
				102731CADD9B4244F589B5B3 /* [CP] Embed Pods Frameworks */,
			);
			buildRules = (
			);
			dependencies = (
			);
			name = "Marvel-Navigator";
			productName = "Marvel-Navigator";
			productReference = B245FEB824C1F9250059E7D2 /* Marvel-Navigator.app */;
			productType = "com.apple.product-type.application";
		};
		B245FECF24C1F9270059E7D2 /* Marvel-NavigatorTests */ = {
			isa = PBXNativeTarget;
			buildConfigurationList = B245FEE724C1F9270059E7D2 /* Build configuration list for PBXNativeTarget "Marvel-NavigatorTests" */;
			buildPhases = (
				8CDE77B47E89106080DAC1E0 /* [CP] Check Pods Manifest.lock */,
				B245FECC24C1F9270059E7D2 /* Sources */,
				B245FECD24C1F9270059E7D2 /* Frameworks */,
				B245FECE24C1F9270059E7D2 /* Resources */,
			);
			buildRules = (
			);
			dependencies = (
				B245FED224C1F9270059E7D2 /* PBXTargetDependency */,
			);
			name = "Marvel-NavigatorTests";
			productName = "Marvel-NavigatorTests";
			productReference = B245FED024C1F9270059E7D2 /* Marvel-NavigatorTests.xctest */;
			productType = "com.apple.product-type.bundle.unit-test";
		};
		B245FEDA24C1F9270059E7D2 /* Marvel-NavigatorUITests */ = {
			isa = PBXNativeTarget;
			buildConfigurationList = B245FEEA24C1F9270059E7D2 /* Build configuration list for PBXNativeTarget "Marvel-NavigatorUITests" */;
			buildPhases = (
				71664CFD34F861F0FC608FFE /* [CP] Check Pods Manifest.lock */,
				B245FED724C1F9270059E7D2 /* Sources */,
				B245FED824C1F9270059E7D2 /* Frameworks */,
				B245FED924C1F9270059E7D2 /* Resources */,
				E9890039B3EB1DBB7B0FA238 /* [CP] Embed Pods Frameworks */,
			);
			buildRules = (
			);
			dependencies = (
				B245FEDD24C1F9270059E7D2 /* PBXTargetDependency */,
			);
			name = "Marvel-NavigatorUITests";
			productName = "Marvel-NavigatorUITests";
			productReference = B245FEDB24C1F9270059E7D2 /* Marvel-NavigatorUITests.xctest */;
			productType = "com.apple.product-type.bundle.ui-testing";
		};
/* End PBXNativeTarget section */

/* Begin PBXProject section */
		B245FEB024C1F9250059E7D2 /* Project object */ = {
			isa = PBXProject;
			attributes = {
				LastSwiftUpdateCheck = 1130;
				LastUpgradeCheck = 1130;
				ORGANIZATIONNAME = "Nicoyuste Inc";
				TargetAttributes = {
					B245FEB724C1F9250059E7D2 = {
						CreatedOnToolsVersion = 11.3.1;
					};
					B245FECF24C1F9270059E7D2 = {
						CreatedOnToolsVersion = 11.3.1;
						TestTargetID = B245FEB724C1F9250059E7D2;
					};
					B245FEDA24C1F9270059E7D2 = {
						CreatedOnToolsVersion = 11.3.1;
						TestTargetID = B245FEB724C1F9250059E7D2;
					};
				};
			};
			buildConfigurationList = B245FEB324C1F9250059E7D2 /* Build configuration list for PBXProject "Marvel-Navigator" */;
			compatibilityVersion = "Xcode 9.3";
			developmentRegion = en;
			hasScannedForEncodings = 0;
			knownRegions = (
				en,
				Base,
			);
			mainGroup = B245FEAF24C1F9250059E7D2;
			productRefGroup = B245FEB924C1F9250059E7D2 /* Products */;
			projectDirPath = "";
			projectRoot = "";
			targets = (
				B245FEB724C1F9250059E7D2 /* Marvel-Navigator */,
				B245FECF24C1F9270059E7D2 /* Marvel-NavigatorTests */,
				B245FEDA24C1F9270059E7D2 /* Marvel-NavigatorUITests */,
			);
		};
/* End PBXProject section */

/* Begin PBXResourcesBuildPhase section */
		B245FEB624C1F9250059E7D2 /* Resources */ = {
			isa = PBXResourcesBuildPhase;
			buildActionMask = 2147483647;
			files = (
				B2DCB36224C3B85300670944 /* SeriesListTableViewCell.xib in Resources */,
				B2DCB35F24C3B85300670944 /* CustomSearchBarView.xib in Resources */,
				B2DCB36024C3B85300670944 /* CharacterListTableViewCell.xib in Resources */,
				B245FEFF24C1F9DF0059E7D2 /* Assets.xcassets in Resources */,
				B245FF0124C1F9DF0059E7D2 /* Main.storyboard in Resources */,
				B2DCB36124C3B85300670944 /* ComicListTableViewCell.xib in Resources */,
				B245FF0024C1F9DF0059E7D2 /* LaunchScreen.storyboard in Resources */,
			);
			runOnlyForDeploymentPostprocessing = 0;
		};
		B245FECE24C1F9270059E7D2 /* Resources */ = {
			isa = PBXResourcesBuildPhase;
			buildActionMask = 2147483647;
			files = (
			);
			runOnlyForDeploymentPostprocessing = 0;
		};
		B245FED924C1F9270059E7D2 /* Resources */ = {
			isa = PBXResourcesBuildPhase;
			buildActionMask = 2147483647;
			files = (
			);
			runOnlyForDeploymentPostprocessing = 0;
		};
/* End PBXResourcesBuildPhase section */

/* Begin PBXShellScriptBuildPhase section */
		102731CADD9B4244F589B5B3 /* [CP] Embed Pods Frameworks */ = {
			isa = PBXShellScriptBuildPhase;
			buildActionMask = 2147483647;
			files = (
			);
			inputFileListPaths = (
				"${PODS_ROOT}/Target Support Files/Pods-Marvel-Navigator/Pods-Marvel-Navigator-frameworks-${CONFIGURATION}-input-files.xcfilelist",
			);
			name = "[CP] Embed Pods Frameworks";
			outputFileListPaths = (
				"${PODS_ROOT}/Target Support Files/Pods-Marvel-Navigator/Pods-Marvel-Navigator-frameworks-${CONFIGURATION}-output-files.xcfilelist",
			);
			runOnlyForDeploymentPostprocessing = 0;
			shellPath = /bin/sh;
			shellScript = "\"${PODS_ROOT}/Target Support Files/Pods-Marvel-Navigator/Pods-Marvel-Navigator-frameworks.sh\"\n";
			showEnvVarsInLog = 0;
		};
		71664CFD34F861F0FC608FFE /* [CP] Check Pods Manifest.lock */ = {
			isa = PBXShellScriptBuildPhase;
			buildActionMask = 2147483647;
			files = (
			);
			inputFileListPaths = (
			);
			inputPaths = (
				"${PODS_PODFILE_DIR_PATH}/Podfile.lock",
				"${PODS_ROOT}/Manifest.lock",
			);
			name = "[CP] Check Pods Manifest.lock";
			outputFileListPaths = (
			);
			outputPaths = (
				"$(DERIVED_FILE_DIR)/Pods-Marvel-Navigator-Marvel-NavigatorUITests-checkManifestLockResult.txt",
			);
			runOnlyForDeploymentPostprocessing = 0;
			shellPath = /bin/sh;
			shellScript = "diff \"${PODS_PODFILE_DIR_PATH}/Podfile.lock\" \"${PODS_ROOT}/Manifest.lock\" > /dev/null\nif [ $? != 0 ] ; then\n    # print error to STDERR\n    echo \"error: The sandbox is not in sync with the Podfile.lock. Run 'pod install' or update your CocoaPods installation.\" >&2\n    exit 1\nfi\n# This output is used by Xcode 'outputs' to avoid re-running this script phase.\necho \"SUCCESS\" > \"${SCRIPT_OUTPUT_FILE_0}\"\n";
			showEnvVarsInLog = 0;
		};
		8CDE77B47E89106080DAC1E0 /* [CP] Check Pods Manifest.lock */ = {
			isa = PBXShellScriptBuildPhase;
			buildActionMask = 2147483647;
			files = (
			);
			inputFileListPaths = (
			);
			inputPaths = (
				"${PODS_PODFILE_DIR_PATH}/Podfile.lock",
				"${PODS_ROOT}/Manifest.lock",
			);
			name = "[CP] Check Pods Manifest.lock";
			outputFileListPaths = (
			);
			outputPaths = (
				"$(DERIVED_FILE_DIR)/Pods-Marvel-NavigatorTests-checkManifestLockResult.txt",
			);
			runOnlyForDeploymentPostprocessing = 0;
			shellPath = /bin/sh;
			shellScript = "diff \"${PODS_PODFILE_DIR_PATH}/Podfile.lock\" \"${PODS_ROOT}/Manifest.lock\" > /dev/null\nif [ $? != 0 ] ; then\n    # print error to STDERR\n    echo \"error: The sandbox is not in sync with the Podfile.lock. Run 'pod install' or update your CocoaPods installation.\" >&2\n    exit 1\nfi\n# This output is used by Xcode 'outputs' to avoid re-running this script phase.\necho \"SUCCESS\" > \"${SCRIPT_OUTPUT_FILE_0}\"\n";
			showEnvVarsInLog = 0;
		};
		E0984F03764265F0C2643CA2 /* [CP] Check Pods Manifest.lock */ = {
			isa = PBXShellScriptBuildPhase;
			buildActionMask = 2147483647;
			files = (
			);
			inputFileListPaths = (
			);
			inputPaths = (
				"${PODS_PODFILE_DIR_PATH}/Podfile.lock",
				"${PODS_ROOT}/Manifest.lock",
			);
			name = "[CP] Check Pods Manifest.lock";
			outputFileListPaths = (
			);
			outputPaths = (
				"$(DERIVED_FILE_DIR)/Pods-Marvel-Navigator-checkManifestLockResult.txt",
			);
			runOnlyForDeploymentPostprocessing = 0;
			shellPath = /bin/sh;
			shellScript = "diff \"${PODS_PODFILE_DIR_PATH}/Podfile.lock\" \"${PODS_ROOT}/Manifest.lock\" > /dev/null\nif [ $? != 0 ] ; then\n    # print error to STDERR\n    echo \"error: The sandbox is not in sync with the Podfile.lock. Run 'pod install' or update your CocoaPods installation.\" >&2\n    exit 1\nfi\n# This output is used by Xcode 'outputs' to avoid re-running this script phase.\necho \"SUCCESS\" > \"${SCRIPT_OUTPUT_FILE_0}\"\n";
			showEnvVarsInLog = 0;
		};
		E9890039B3EB1DBB7B0FA238 /* [CP] Embed Pods Frameworks */ = {
			isa = PBXShellScriptBuildPhase;
			buildActionMask = 2147483647;
			files = (
			);
			inputFileListPaths = (
				"${PODS_ROOT}/Target Support Files/Pods-Marvel-Navigator-Marvel-NavigatorUITests/Pods-Marvel-Navigator-Marvel-NavigatorUITests-frameworks-${CONFIGURATION}-input-files.xcfilelist",
			);
			name = "[CP] Embed Pods Frameworks";
			outputFileListPaths = (
				"${PODS_ROOT}/Target Support Files/Pods-Marvel-Navigator-Marvel-NavigatorUITests/Pods-Marvel-Navigator-Marvel-NavigatorUITests-frameworks-${CONFIGURATION}-output-files.xcfilelist",
			);
			runOnlyForDeploymentPostprocessing = 0;
			shellPath = /bin/sh;
			shellScript = "\"${PODS_ROOT}/Target Support Files/Pods-Marvel-Navigator-Marvel-NavigatorUITests/Pods-Marvel-Navigator-Marvel-NavigatorUITests-frameworks.sh\"\n";
			showEnvVarsInLog = 0;
		};
/* End PBXShellScriptBuildPhase section */

/* Begin PBXSourcesBuildPhase section */
		B245FEB424C1F9250059E7D2 /* Sources */ = {
			isa = PBXSourcesBuildPhase;
			buildActionMask = 2147483647;
			files = (
				B226970824C2D904009402F9 /* CharactersViewModelMapper.swift in Sources */,
				B2DCB35024C343DE00670944 /* ComicListTableViewCell.swift in Sources */,
				B2DCB35424C358A200670944 /* CustomSearchBarView.swift in Sources */,
				B2DCB34824C340D500670944 /* ComicsViewModelMapper.swift in Sources */,
				B2DCB34124C2EE8800670944 /* CharacterListTableViewCell.swift in Sources */,
				B226970A24C2D923009402F9 /* MarvelDataResponse.swift in Sources */,
				B245FEF424C1F9AD0059E7D2 /* MarvelListViewController.swift in Sources */,
				B226970624C2D773009402F9 /* ViewModelMapper.swift in Sources */,
				B22696FD24C2D57E009402F9 /* MarvelDatasource.swift in Sources */,
				B245FF0924C21C760059E7D2 /* MarvelConfig.swift in Sources */,
				B245FEF524C1F9AD0059E7D2 /* AppDelegate.swift in Sources */,
				B2DCB34A24C341D700670944 /* MarvelListTableViewCell.swift in Sources */,
				B226970C24C2DA8C009402F9 /* MarvelError.swift in Sources */,
				B245FEF624C1F9AD0059E7D2 /* SceneDelegate.swift in Sources */,
				B2DCB34624C2F4A800670944 /* UIImage+Gradient.swift in Sources */,
				B22696FA24C2D4ED009402F9 /* MarvelListViewModel.swift in Sources */,
				B2DCB36524C424BB00670944 /* MarvelDetailsViewController.swift in Sources */,
				B2DCB35824C3B7A600670944 /* UIColor+Inverse.swift in Sources */,
				B2DCB34424C2F3A500670944 /* UIImage+AverageColor.swift in Sources */,
			);
			runOnlyForDeploymentPostprocessing = 0;
		};
		B245FECC24C1F9270059E7D2 /* Sources */ = {
			isa = PBXSourcesBuildPhase;
			buildActionMask = 2147483647;
			files = (
			);
			runOnlyForDeploymentPostprocessing = 0;
		};
		B245FED724C1F9270059E7D2 /* Sources */ = {
			isa = PBXSourcesBuildPhase;
			buildActionMask = 2147483647;
			files = (
				B245FF0624C1FA510059E7D2 /* Marvel_NavigatorUITests.swift in Sources */,
			);
			runOnlyForDeploymentPostprocessing = 0;
		};
/* End PBXSourcesBuildPhase section */

/* Begin PBXTargetDependency section */
		B245FED224C1F9270059E7D2 /* PBXTargetDependency */ = {
			isa = PBXTargetDependency;
			target = B245FEB724C1F9250059E7D2 /* Marvel-Navigator */;
			targetProxy = B245FED124C1F9270059E7D2 /* PBXContainerItemProxy */;
		};
		B245FEDD24C1F9270059E7D2 /* PBXTargetDependency */ = {
			isa = PBXTargetDependency;
			target = B245FEB724C1F9250059E7D2 /* Marvel-Navigator */;
			targetProxy = B245FEDC24C1F9270059E7D2 /* PBXContainerItemProxy */;
		};
/* End PBXTargetDependency section */

/* Begin PBXVariantGroup section */
		B245FEFB24C1F9DF0059E7D2 /* LaunchScreen.storyboard */ = {
			isa = PBXVariantGroup;
			children = (
				B245FEFC24C1F9DF0059E7D2 /* Base */,
			);
			name = LaunchScreen.storyboard;
			sourceTree = "<group>";
		};
		B245FEFD24C1F9DF0059E7D2 /* Main.storyboard */ = {
			isa = PBXVariantGroup;
			children = (
				B245FEFE24C1F9DF0059E7D2 /* Base */,
			);
			name = Main.storyboard;
			sourceTree = "<group>";
		};
/* End PBXVariantGroup section */

/* Begin XCBuildConfiguration section */
		B245FEE224C1F9270059E7D2 /* Debug */ = {
			isa = XCBuildConfiguration;
			buildSettings = {
				ALWAYS_SEARCH_USER_PATHS = NO;
				CLANG_ANALYZER_NONNULL = YES;
				CLANG_ANALYZER_NUMBER_OBJECT_CONVERSION = YES_AGGRESSIVE;
				CLANG_CXX_LANGUAGE_STANDARD = "gnu++14";
				CLANG_CXX_LIBRARY = "libc++";
				CLANG_ENABLE_MODULES = YES;
				CLANG_ENABLE_OBJC_ARC = YES;
				CLANG_ENABLE_OBJC_WEAK = YES;
				CLANG_WARN_BLOCK_CAPTURE_AUTORELEASING = YES;
				CLANG_WARN_BOOL_CONVERSION = YES;
				CLANG_WARN_COMMA = YES;
				CLANG_WARN_CONSTANT_CONVERSION = YES;
				CLANG_WARN_DEPRECATED_OBJC_IMPLEMENTATIONS = YES;
				CLANG_WARN_DIRECT_OBJC_ISA_USAGE = YES_ERROR;
				CLANG_WARN_DOCUMENTATION_COMMENTS = YES;
				CLANG_WARN_EMPTY_BODY = YES;
				CLANG_WARN_ENUM_CONVERSION = YES;
				CLANG_WARN_INFINITE_RECURSION = YES;
				CLANG_WARN_INT_CONVERSION = YES;
				CLANG_WARN_NON_LITERAL_NULL_CONVERSION = YES;
				CLANG_WARN_OBJC_IMPLICIT_RETAIN_SELF = YES;
				CLANG_WARN_OBJC_LITERAL_CONVERSION = YES;
				CLANG_WARN_OBJC_ROOT_CLASS = YES_ERROR;
				CLANG_WARN_RANGE_LOOP_ANALYSIS = YES;
				CLANG_WARN_STRICT_PROTOTYPES = YES;
				CLANG_WARN_SUSPICIOUS_MOVE = YES;
				CLANG_WARN_UNGUARDED_AVAILABILITY = YES_AGGRESSIVE;
				CLANG_WARN_UNREACHABLE_CODE = YES;
				CLANG_WARN__DUPLICATE_METHOD_MATCH = YES;
				COPY_PHASE_STRIP = NO;
				DEBUG_INFORMATION_FORMAT = dwarf;
				ENABLE_STRICT_OBJC_MSGSEND = YES;
				ENABLE_TESTABILITY = YES;
				GCC_C_LANGUAGE_STANDARD = gnu11;
				GCC_DYNAMIC_NO_PIC = NO;
				GCC_NO_COMMON_BLOCKS = YES;
				GCC_OPTIMIZATION_LEVEL = 0;
				GCC_PREPROCESSOR_DEFINITIONS = (
					"DEBUG=1",
					"$(inherited)",
				);
				GCC_WARN_64_TO_32_BIT_CONVERSION = YES;
				GCC_WARN_ABOUT_RETURN_TYPE = YES_ERROR;
				GCC_WARN_UNDECLARED_SELECTOR = YES;
				GCC_WARN_UNINITIALIZED_AUTOS = YES_AGGRESSIVE;
				GCC_WARN_UNUSED_FUNCTION = YES;
				GCC_WARN_UNUSED_VARIABLE = YES;
				IPHONEOS_DEPLOYMENT_TARGET = 13.2;
				MTL_ENABLE_DEBUG_INFO = INCLUDE_SOURCE;
				MTL_FAST_MATH = YES;
				ONLY_ACTIVE_ARCH = YES;
				SDKROOT = iphoneos;
				SWIFT_ACTIVE_COMPILATION_CONDITIONS = DEBUG;
				SWIFT_OPTIMIZATION_LEVEL = "-Onone";
			};
			name = Debug;
		};
		B245FEE324C1F9270059E7D2 /* Release */ = {
			isa = XCBuildConfiguration;
			buildSettings = {
				ALWAYS_SEARCH_USER_PATHS = NO;
				CLANG_ANALYZER_NONNULL = YES;
				CLANG_ANALYZER_NUMBER_OBJECT_CONVERSION = YES_AGGRESSIVE;
				CLANG_CXX_LANGUAGE_STANDARD = "gnu++14";
				CLANG_CXX_LIBRARY = "libc++";
				CLANG_ENABLE_MODULES = YES;
				CLANG_ENABLE_OBJC_ARC = YES;
				CLANG_ENABLE_OBJC_WEAK = YES;
				CLANG_WARN_BLOCK_CAPTURE_AUTORELEASING = YES;
				CLANG_WARN_BOOL_CONVERSION = YES;
				CLANG_WARN_COMMA = YES;
				CLANG_WARN_CONSTANT_CONVERSION = YES;
				CLANG_WARN_DEPRECATED_OBJC_IMPLEMENTATIONS = YES;
				CLANG_WARN_DIRECT_OBJC_ISA_USAGE = YES_ERROR;
				CLANG_WARN_DOCUMENTATION_COMMENTS = YES;
				CLANG_WARN_EMPTY_BODY = YES;
				CLANG_WARN_ENUM_CONVERSION = YES;
				CLANG_WARN_INFINITE_RECURSION = YES;
				CLANG_WARN_INT_CONVERSION = YES;
				CLANG_WARN_NON_LITERAL_NULL_CONVERSION = YES;
				CLANG_WARN_OBJC_IMPLICIT_RETAIN_SELF = YES;
				CLANG_WARN_OBJC_LITERAL_CONVERSION = YES;
				CLANG_WARN_OBJC_ROOT_CLASS = YES_ERROR;
				CLANG_WARN_RANGE_LOOP_ANALYSIS = YES;
				CLANG_WARN_STRICT_PROTOTYPES = YES;
				CLANG_WARN_SUSPICIOUS_MOVE = YES;
				CLANG_WARN_UNGUARDED_AVAILABILITY = YES_AGGRESSIVE;
				CLANG_WARN_UNREACHABLE_CODE = YES;
				CLANG_WARN__DUPLICATE_METHOD_MATCH = YES;
				COPY_PHASE_STRIP = NO;
				DEBUG_INFORMATION_FORMAT = "dwarf-with-dsym";
				ENABLE_NS_ASSERTIONS = NO;
				ENABLE_STRICT_OBJC_MSGSEND = YES;
				GCC_C_LANGUAGE_STANDARD = gnu11;
				GCC_NO_COMMON_BLOCKS = YES;
				GCC_WARN_64_TO_32_BIT_CONVERSION = YES;
				GCC_WARN_ABOUT_RETURN_TYPE = YES_ERROR;
				GCC_WARN_UNDECLARED_SELECTOR = YES;
				GCC_WARN_UNINITIALIZED_AUTOS = YES_AGGRESSIVE;
				GCC_WARN_UNUSED_FUNCTION = YES;
				GCC_WARN_UNUSED_VARIABLE = YES;
				IPHONEOS_DEPLOYMENT_TARGET = 13.2;
				MTL_ENABLE_DEBUG_INFO = NO;
				MTL_FAST_MATH = YES;
				SDKROOT = iphoneos;
				SWIFT_COMPILATION_MODE = wholemodule;
				SWIFT_OPTIMIZATION_LEVEL = "-O";
				VALIDATE_PRODUCT = YES;
			};
			name = Release;
		};
		B245FEE524C1F9270059E7D2 /* Debug */ = {
			isa = XCBuildConfiguration;
			baseConfigurationReference = 65AC69AF6B7C3496572FFCAF /* Pods-Marvel-Navigator.debug.xcconfig */;
			buildSettings = {
				ASSETCATALOG_COMPILER_APPICON_NAME = AppIcon;
				CODE_SIGN_STYLE = Automatic;
				DEVELOPMENT_TEAM = Z5XY4536B3;
				INFOPLIST_FILE = Support_Files/Info.plist;
				LD_RUNPATH_SEARCH_PATHS = (
					"$(inherited)",
					"@executable_path/Frameworks",
				);
				PRODUCT_BUNDLE_IDENTIFIER = "nicoyuste.Marvel-Navigator";
				PRODUCT_NAME = "$(TARGET_NAME)";
				SWIFT_VERSION = 5.0;
				TARGETED_DEVICE_FAMILY = "1,2";
			};
			name = Debug;
		};
		B245FEE624C1F9270059E7D2 /* Release */ = {
			isa = XCBuildConfiguration;
			baseConfigurationReference = 32C8FD0ED6D7F17DB8140ABF /* Pods-Marvel-Navigator.release.xcconfig */;
			buildSettings = {
				ASSETCATALOG_COMPILER_APPICON_NAME = AppIcon;
				CODE_SIGN_STYLE = Automatic;
				DEVELOPMENT_TEAM = Z5XY4536B3;
				INFOPLIST_FILE = Support_Files/Info.plist;
				LD_RUNPATH_SEARCH_PATHS = (
					"$(inherited)",
					"@executable_path/Frameworks",
				);
				PRODUCT_BUNDLE_IDENTIFIER = "nicoyuste.Marvel-Navigator";
				PRODUCT_NAME = "$(TARGET_NAME)";
				SWIFT_VERSION = 5.0;
				TARGETED_DEVICE_FAMILY = "1,2";
			};
			name = Release;
		};
		B245FEE824C1F9270059E7D2 /* Debug */ = {
			isa = XCBuildConfiguration;
			baseConfigurationReference = 1F7212BF4E21F2C9D2D5B85A /* Pods-Marvel-NavigatorTests.debug.xcconfig */;
			buildSettings = {
				ALWAYS_EMBED_SWIFT_STANDARD_LIBRARIES = YES;
				BUNDLE_LOADER = "$(TEST_HOST)";
				CODE_SIGN_STYLE = Automatic;
				DEVELOPMENT_TEAM = Z5XY4536B3;
				INFOPLIST_FILE = "Support_Files/Test-Info.plist";
				IPHONEOS_DEPLOYMENT_TARGET = 13.2;
				LD_RUNPATH_SEARCH_PATHS = (
					"$(inherited)",
					"@executable_path/Frameworks",
					"@loader_path/Frameworks",
				);
				PRODUCT_BUNDLE_IDENTIFIER = "nicoyuste.Marvel-NavigatorTests";
				PRODUCT_NAME = "$(TARGET_NAME)";
				SWIFT_VERSION = 5.0;
				TARGETED_DEVICE_FAMILY = "1,2";
				TEST_HOST = "$(BUILT_PRODUCTS_DIR)/Marvel-Navigator.app/Marvel-Navigator";
			};
			name = Debug;
		};
		B245FEE924C1F9270059E7D2 /* Release */ = {
			isa = XCBuildConfiguration;
			baseConfigurationReference = 6CCD1DA6E96B336B02A4D538 /* Pods-Marvel-NavigatorTests.release.xcconfig */;
			buildSettings = {
				ALWAYS_EMBED_SWIFT_STANDARD_LIBRARIES = YES;
				BUNDLE_LOADER = "$(TEST_HOST)";
				CODE_SIGN_STYLE = Automatic;
				DEVELOPMENT_TEAM = Z5XY4536B3;
				INFOPLIST_FILE = "Support_Files/Test-Info.plist";
				IPHONEOS_DEPLOYMENT_TARGET = 13.2;
				LD_RUNPATH_SEARCH_PATHS = (
					"$(inherited)",
					"@executable_path/Frameworks",
					"@loader_path/Frameworks",
				);
				PRODUCT_BUNDLE_IDENTIFIER = "nicoyuste.Marvel-NavigatorTests";
				PRODUCT_NAME = "$(TARGET_NAME)";
				SWIFT_VERSION = 5.0;
				TARGETED_DEVICE_FAMILY = "1,2";
				TEST_HOST = "$(BUILT_PRODUCTS_DIR)/Marvel-Navigator.app/Marvel-Navigator";
			};
			name = Release;
		};
		B245FEEB24C1F9270059E7D2 /* Debug */ = {
			isa = XCBuildConfiguration;
			baseConfigurationReference = BE884B05FD464359052F78BD /* Pods-Marvel-Navigator-Marvel-NavigatorUITests.debug.xcconfig */;
			buildSettings = {
				ALWAYS_EMBED_SWIFT_STANDARD_LIBRARIES = YES;
				CODE_SIGN_STYLE = Automatic;
				DEVELOPMENT_TEAM = Z5XY4536B3;
				INFOPLIST_FILE = "Support_Files/UITest-Info.plist";
				LD_RUNPATH_SEARCH_PATHS = (
					"$(inherited)",
					"@executable_path/Frameworks",
					"@loader_path/Frameworks",
				);
				PRODUCT_BUNDLE_IDENTIFIER = "nicoyuste.Marvel-NavigatorUITests";
				PRODUCT_NAME = "$(TARGET_NAME)";
				SWIFT_VERSION = 5.0;
				TARGETED_DEVICE_FAMILY = "1,2";
				TEST_TARGET_NAME = "Marvel-Navigator";
			};
			name = Debug;
		};
		B245FEEC24C1F9270059E7D2 /* Release */ = {
			isa = XCBuildConfiguration;
			baseConfigurationReference = F0778EF2700D23F61BA3C411 /* Pods-Marvel-Navigator-Marvel-NavigatorUITests.release.xcconfig */;
			buildSettings = {
				ALWAYS_EMBED_SWIFT_STANDARD_LIBRARIES = YES;
				CODE_SIGN_STYLE = Automatic;
				DEVELOPMENT_TEAM = Z5XY4536B3;
				INFOPLIST_FILE = "Support_Files/UITest-Info.plist";
				LD_RUNPATH_SEARCH_PATHS = (
					"$(inherited)",
					"@executable_path/Frameworks",
					"@loader_path/Frameworks",
				);
				PRODUCT_BUNDLE_IDENTIFIER = "nicoyuste.Marvel-NavigatorUITests";
				PRODUCT_NAME = "$(TARGET_NAME)";
				SWIFT_VERSION = 5.0;
				TARGETED_DEVICE_FAMILY = "1,2";
				TEST_TARGET_NAME = "Marvel-Navigator";
			};
			name = Release;
		};
/* End XCBuildConfiguration section */

/* Begin XCConfigurationList section */
		B245FEB324C1F9250059E7D2 /* Build configuration list for PBXProject "Marvel-Navigator" */ = {
			isa = XCConfigurationList;
			buildConfigurations = (
				B245FEE224C1F9270059E7D2 /* Debug */,
				B245FEE324C1F9270059E7D2 /* Release */,
			);
			defaultConfigurationIsVisible = 0;
			defaultConfigurationName = Release;
		};
		B245FEE424C1F9270059E7D2 /* Build configuration list for PBXNativeTarget "Marvel-Navigator" */ = {
			isa = XCConfigurationList;
			buildConfigurations = (
				B245FEE524C1F9270059E7D2 /* Debug */,
				B245FEE624C1F9270059E7D2 /* Release */,
			);
			defaultConfigurationIsVisible = 0;
			defaultConfigurationName = Release;
		};
		B245FEE724C1F9270059E7D2 /* Build configuration list for PBXNativeTarget "Marvel-NavigatorTests" */ = {
			isa = XCConfigurationList;
			buildConfigurations = (
				B245FEE824C1F9270059E7D2 /* Debug */,
				B245FEE924C1F9270059E7D2 /* Release */,
			);
			defaultConfigurationIsVisible = 0;
			defaultConfigurationName = Release;
		};
		B245FEEA24C1F9270059E7D2 /* Build configuration list for PBXNativeTarget "Marvel-NavigatorUITests" */ = {
			isa = XCConfigurationList;
			buildConfigurations = (
				B245FEEB24C1F9270059E7D2 /* Debug */,
				B245FEEC24C1F9270059E7D2 /* Release */,
			);
			defaultConfigurationIsVisible = 0;
			defaultConfigurationName = Release;
		};
/* End XCConfigurationList section */
	};
	rootObject = B245FEB024C1F9250059E7D2 /* Project object */;
}
